// !$*UTF8*$!
{
	archiveVersion = 1;
	classes = {
	};
	objectVersion = 50;
	objects = {

/* Begin PBXBuildFile section */
		BFAA32FE2488ECD200D968B9 /* AppDelegate.swift in Sources */ = {isa = PBXBuildFile; fileRef = BFAA32FD2488ECD200D968B9 /* AppDelegate.swift */; };
		BFAA33002488ECD200D968B9 /* SceneDelegate.swift in Sources */ = {isa = PBXBuildFile; fileRef = BFAA32FF2488ECD200D968B9 /* SceneDelegate.swift */; };
		BFAA33022488ECD200D968B9 /* ViewController.swift in Sources */ = {isa = PBXBuildFile; fileRef = BFAA33012488ECD200D968B9 /* ViewController.swift */; };
		BFAA33052488ECD200D968B9 /* Main.storyboard in Resources */ = {isa = PBXBuildFile; fileRef = BFAA33032488ECD200D968B9 /* Main.storyboard */; };
		BFAA33072488ECD700D968B9 /* Assets.xcassets in Resources */ = {isa = PBXBuildFile; fileRef = BFAA33062488ECD700D968B9 /* Assets.xcassets */; };
		BFAA330A2488ECD700D968B9 /* LaunchScreen.storyboard in Resources */ = {isa = PBXBuildFile; fileRef = BFAA33082488ECD700D968B9 /* LaunchScreen.storyboard */; };
/* End PBXBuildFile section */

/* Begin PBXFileReference section */
		BFAA32FA2488ECD200D968B9 /* ResponsiveUI.app */ = {isa = PBXFileReference; explicitFileType = wrapper.application; includeInIndex = 0; path = ResponsiveUI.app; sourceTree = BUILT_PRODUCTS_DIR; };
		BFAA32FD2488ECD200D968B9 /* AppDelegate.swift */ = {isa = PBXFileReference; lastKnownFileType = sourcecode.swift; path = AppDelegate.swift; sourceTree = "<group>"; };
		BFAA32FF2488ECD200D968B9 /* SceneDelegate.swift */ = {isa = PBXFileReference; lastKnownFileType = sourcecode.swift; path = SceneDelegate.swift; sourceTree = "<group>"; };
		BFAA33012488ECD200D968B9 /* ViewController.swift */ = {isa = PBXFileReference; lastKnownFileType = sourcecode.swift; path = ViewController.swift; sourceTree = "<group>"; };
		BFAA33042488ECD200D968B9 /* Base */ = {isa = PBXFileReference; lastKnownFileType = file.storyboard; name = Base; path = Base.lproj/Main.storyboard; sourceTree = "<group>"; };
		BFAA33062488ECD700D968B9 /* Assets.xcassets */ = {isa = PBXFileReference; lastKnownFileType = folder.assetcatalog; path = Assets.xcassets; sourceTree = "<group>"; };
		BFAA33092488ECD700D968B9 /* Base */ = {isa = PBXFileReference; lastKnownFileType = file.storyboard; name = Base; path = Base.lproj/LaunchScreen.storyboard; sourceTree = "<group>"; };
		BFAA330B2488ECD700D968B9 /* Info.plist */ = {isa = PBXFileReference; lastKnownFileType = text.plist.xml; path = Info.plist; sourceTree = "<group>"; };
/* End PBXFileReference section */

/* Begin PBXFrameworksBuildPhase section */
		BFAA32F72488ECD200D968B9 /* Frameworks */ = {
			isa = PBXFrameworksBuildPhase;
			buildActionMask = 2147483647;
			files = (
			);
			runOnlyForDeploymentPostprocessing = 0;
		};
/* End PBXFrameworksBuildPhase section */

/* Begin PBXGroup section */
		BFAA32F12488ECD200D968B9 = {
			isa = PBXGroup;
			children = (
				BFAA32FC2488ECD200D968B9 /* ResponsiveUI */,
				BFAA32FB2488ECD200D968B9 /* Products */,
			);
			sourceTree = "<group>";
		};
		BFAA32FB2488ECD200D968B9 /* Products */ = {
			isa = PBXGroup;
			children = (
				BFAA32FA2488ECD200D968B9 /* ResponsiveUI.app */,
			);
			name = Products;
			sourceTree = "<group>";
		};
		BFAA32FC2488ECD200D968B9 /* ResponsiveUI */ = {
			isa = PBXGroup;
			children = (
				BFAA32FD2488ECD200D968B9 /* AppDelegate.swift */,
				BFAA32FF2488ECD200D968B9 /* SceneDelegate.swift */,
				BFAA33012488ECD200D968B9 /* ViewController.swift */,
				BFAA33032488ECD200D968B9 /* Main.storyboard */,
				BFAA33062488ECD700D968B9 /* Assets.xcassets */,
				BFAA33082488ECD700D968B9 /* LaunchScreen.storyboard */,
				BFAA330B2488ECD700D968B9 /* Info.plist */,
			);
			path = ResponsiveUI;
			sourceTree = "<group>";
		};
/* End PBXGroup section */

/* Begin PBXNativeTarget section */
		BFAA32F92488ECD200D968B9 /* ResponsiveUI */ = {
			isa = PBXNativeTarget;
			buildConfigurationList = BFAA330E2488ECD700D968B9 /* Build configuration list for PBXNativeTarget "ResponsiveUI" */;
			buildPhases = (
				BFAA32F62488ECD200D968B9 /* Sources */,
				BFAA32F72488ECD200D968B9 /* Frameworks */,
				BFAA32F82488ECD200D968B9 /* Resources */,
			);
			buildRules = (
			);
			dependencies = (
			);
			name = ResponsiveUI;
			productName = ResponsiveUI;
			productReference = BFAA32FA2488ECD200D968B9 /* ResponsiveUI.app */;
			productType = "com.apple.product-type.application";
		};
/* End PBXNativeTarget section */

/* Begin PBXProject section */
		BFAA32F22488ECD200D968B9 /* Project object */ = {
			isa = PBXProject;
			attributes = {
				LastSwiftUpdateCheck = 1150;
				LastUpgradeCheck = 1150;
				ORGANIZATIONNAME = "SAMSUL HADI";
				TargetAttributes = {
					BFAA32F92488ECD200D968B9 = {
						CreatedOnToolsVersion = 11.5;
					};
				};
			};
			buildConfigurationList = BFAA32F52488ECD200D968B9 /* Build configuration list for PBXProject "ResponsiveUI" */;
			compatibilityVersion = "Xcode 9.3";
			developmentRegion = en;
			hasScannedForEncodings = 0;
			knownRegions = (
				en,
				Base,
			);
			mainGroup = BFAA32F12488ECD200D968B9;
			productRefGroup = BFAA32FB2488ECD200D968B9 /* Products */;
			projectDirPath = "";
			projectRoot = "";
			targets = (
				BFAA32F92488ECD200D968B9 /* ResponsiveUI */,
			);
		};
/* End PBXProject section */

/* Begin PBXResourcesBuildPhase section */
		BFAA32F82488ECD200D968B9 /* Resources */ = {
			isa = PBXResourcesBuildPhase;
			buildActionMask = 2147483647;
			files = (
				BFAA330A2488ECD700D968B9 /* LaunchScreen.storyboard in Resources */,
				BFAA33072488ECD700D968B9 /* Assets.xcassets in Resources */,
				BFAA33052488ECD200D968B9 /* Main.storyboard in Resources */,
			);
			runOnlyForDeploymentPostprocessing = 0;
		};
/* End PBXResourcesBuildPhase section */

/* Begin PBXSourcesBuildPhase section */
		BFAA32F62488ECD200D968B9 /* Sources */ = {
			isa = PBXSourcesBuildPhase;
			buildActionMask = 2147483647;
			files = (
				BFAA33022488ECD200D968B9 /* ViewController.swift in Sources */,
				BFAA32FE2488ECD200D968B9 /* AppDelegate.swift in Sources */,
				BFAA33002488ECD200D968B9 /* SceneDelegate.swift in Sources */,
			);
			runOnlyForDeploymentPostprocessing = 0;
		};
/* End PBXSourcesBuildPhase section */

/* Begin PBXVariantGroup section */
		BFAA33032488ECD200D968B9 /* Main.storyboard */ = {
			isa = PBXVariantGroup;
			children = (
				BFAA33042488ECD200D968B9 /* Base */,
			);
			name = Main.storyboard;
			sourceTree = "<group>";
		};
		BFAA33082488ECD700D968B9 /* LaunchScreen.storyboard */ = {
			isa = PBXVariantGroup;
			children = (
				BFAA33092488ECD700D968B9 /* Base */,
			);
			name = LaunchScreen.storyboard;
			sourceTree = "<group>";
		};
/* End PBXVariantGroup section */

/* Begin XCBuildConfiguration section */
		BFAA330C2488ECD700D968B9 /* Debug */ = {
			isa = XCBuildConfiguration;
			buildSettings = {
				ALWAYS_SEARCH_USER_PATHS = NO;
				CLANG_ANALYZER_NONNULL = YES;
				CLANG_ANALYZER_NUMBER_OBJECT_CONVERSION = YES_AGGRESSIVE;
				CLANG_CXX_LANGUAGE_STANDARD = "gnu++14";
				CLANG_CXX_LIBRARY = "libc++";
				CLANG_ENABLE_MODULES = YES;
				CLANG_ENABLE_OBJC_ARC = YES;
				CLANG_ENABLE_OBJC_WEAK = YES;
				CLANG_WARN_BLOCK_CAPTURE_AUTORELEASING = YES;
				CLANG_WARN_BOOL_CONVERSION = YES;
				CLANG_WARN_COMMA = YES;
				CLANG_WARN_CONSTANT_CONVERSION = YES;
				CLANG_WARN_DEPRECATED_OBJC_IMPLEMENTATIONS = YES;
				CLANG_WARN_DIRECT_OBJC_ISA_USAGE = YES_ERROR;
				CLANG_WARN_DOCUMENTATION_COMMENTS = YES;
				CLANG_WARN_EMPTY_BODY = YES;
				CLANG_WARN_ENUM_CONVERSION = YES;
				CLANG_WARN_INFINITE_RECURSION = YES;
				CLANG_WARN_INT_CONVERSION = YES;
				CLANG_WARN_NON_LITERAL_NULL_CONVERSION = YES;
				CLANG_WARN_OBJC_IMPLICIT_RETAIN_SELF = YES;
				CLANG_WARN_OBJC_LITERAL_CONVERSION = YES;
				CLANG_WARN_OBJC_ROOT_CLASS = YES_ERROR;
				CLANG_WARN_RANGE_LOOP_ANALYSIS = YES;
				CLANG_WARN_STRICT_PROTOTYPES = YES;
				CLANG_WARN_SUSPICIOUS_MOVE = YES;
				CLANG_WARN_UNGUARDED_AVAILABILITY = YES_AGGRESSIVE;
				CLANG_WARN_UNREACHABLE_CODE = YES;
				CLANG_WARN__DUPLICATE_METHOD_MATCH = YES;
				COPY_PHASE_STRIP = NO;
				DEBUG_INFORMATION_FORMAT = dwarf;
				ENABLE_STRICT_OBJC_MSGSEND = YES;
				ENABLE_TESTABILITY = YES;
				GCC_C_LANGUAGE_STANDARD = gnu11;
				GCC_DYNAMIC_NO_PIC = NO;
				GCC_NO_COMMON_BLOCKS = YES;
				GCC_OPTIMIZATION_LEVEL = 0;
				GCC_PREPROCESSOR_DEFINITIONS = (
					"DEBUG=1",
					"$(inherited)",
				);
				GCC_WARN_64_TO_32_BIT_CONVERSION = YES;
				GCC_WARN_ABOUT_RETURN_TYPE = YES_ERROR;
				GCC_WARN_UNDECLARED_SELECTOR = YES;
				GCC_WARN_UNINITIALIZED_AUTOS = YES_AGGRESSIVE;
				GCC_WARN_UNUSED_FUNCTION = YES;
				GCC_WARN_UNUSED_VARIABLE = YES;
				IPHONEOS_DEPLOYMENT_TARGET = 13.5;
				MTL_ENABLE_DEBUG_INFO = INCLUDE_SOURCE;
				MTL_FAST_MATH = YES;
				ONLY_ACTIVE_ARCH = YES;
				SDKROOT = iphoneos;
				SWIFT_ACTIVE_COMPILATION_CONDITIONS = DEBUG;
				SWIFT_OPTIMIZATION_LEVEL = "-Onone";
			};
			name = Debug;
		};
		BFAA330D2488ECD700D968B9 /* Release */ = {
			isa = XCBuildConfiguration;
			buildSettings = {
				ALWAYS_SEARCH_USER_PATHS = NO;
				CLANG_ANALYZER_NONNULL = YES;
				CLANG_ANALYZER_NUMBER_OBJECT_CONVERSION = YES_AGGRESSIVE;
				CLANG_CXX_LANGUAGE_STANDARD = "gnu++14";
				CLANG_CXX_LIBRARY = "libc++";
				CLANG_ENABLE_MODULES = YES;
				CLANG_ENABLE_OBJC_ARC = YES;
				CLANG_ENABLE_OBJC_WEAK = YES;
				CLANG_WARN_BLOCK_CAPTURE_AUTORELEASING = YES;
				CLANG_WARN_BOOL_CONVERSION = YES;
				CLANG_WARN_COMMA = YES;
				CLANG_WARN_CONSTANT_CONVERSION = YES;
				CLANG_WARN_DEPRECATED_OBJC_IMPLEMENTATIONS = YES;
				CLANG_WARN_DIRECT_OBJC_ISA_USAGE = YES_ERROR;
				CLANG_WARN_DOCUMENTATION_COMMENTS = YES;
				CLANG_WARN_EMPTY_BODY = YES;
				CLANG_WARN_ENUM_CONVERSION = YES;
				CLANG_WARN_INFINITE_RECURSION = YES;
				CLANG_WARN_INT_CONVERSION = YES;
				CLANG_WARN_NON_LITERAL_NULL_CONVERSION = YES;
				CLANG_WARN_OBJC_IMPLICIT_RETAIN_SELF = YES;
				CLANG_WARN_OBJC_LITERAL_CONVERSION = YES;
				CLANG_WARN_OBJC_ROOT_CLASS = YES_ERROR;
				CLANG_WARN_RANGE_LOOP_ANALYSIS = YES;
				CLANG_WARN_STRICT_PROTOTYPES = YES;
				CLANG_WARN_SUSPICIOUS_MOVE = YES;
				CLANG_WARN_UNGUARDED_AVAILABILITY = YES_AGGRESSIVE;
				CLANG_WARN_UNREACHABLE_CODE = YES;
				CLANG_WARN__DUPLICATE_METHOD_MATCH = YES;
				COPY_PHASE_STRIP = NO;
				DEBUG_INFORMATION_FORMAT = "dwarf-with-dsym";
				ENABLE_NS_ASSERTIONS = NO;
				ENABLE_STRICT_OBJC_MSGSEND = YES;
				GCC_C_LANGUAGE_STANDARD = gnu11;
				GCC_NO_COMMON_BLOCKS = YES;
				GCC_WARN_64_TO_32_BIT_CONVERSION = YES;
				GCC_WARN_ABOUT_RETURN_TYPE = YES_ERROR;
				GCC_WARN_UNDECLARED_SELECTOR = YES;
				GCC_WARN_UNINITIALIZED_AUTOS = YES_AGGRESSIVE;
				GCC_WARN_UNUSED_FUNCTION = YES;
				GCC_WARN_UNUSED_VARIABLE = YES;
				IPHONEOS_DEPLOYMENT_TARGET = 13.5;
				MTL_ENABLE_DEBUG_INFO = NO;
				MTL_FAST_MATH = YES;
				SDKROOT = iphoneos;
				SWIFT_COMPILATION_MODE = wholemodule;
				SWIFT_OPTIMIZATION_LEVEL = "-O";
				VALIDATE_PRODUCT = YES;
			};
			name = Release;
		};
		BFAA330F2488ECD700D968B9 /* Debug */ = {
			isa = XCBuildConfiguration;
			buildSettings = {
				ASSETCATALOG_COMPILER_APPICON_NAME = AppIcon;
				CODE_SIGN_STYLE = Automatic;
				DEVELOPMENT_TEAM = GH8767RCJ5;
				INFOPLIST_FILE = ResponsiveUI/Info.plist;
				LD_RUNPATH_SEARCH_PATHS = (
					"$(inherited)",
					"@executable_path/Frameworks",
				);
				PRODUCT_BUNDLE_IDENTIFIER = id.co.aitc.samsul.ResponsiveUI;
				PRODUCT_NAME = "$(TARGET_NAME)";
				SWIFT_VERSION = 5.0;
				TARGETED_DEVICE_FAMILY = "1,2";
			};
			name = Debug;
		};
		BFAA33102488ECD700D968B9 /* Release */ = {
			isa = XCBuildConfiguration;
			buildSettings = {
				ASSETCATALOG_COMPILER_APPICON_NAME = AppIcon;
				CODE_SIGN_STYLE = Automatic;
				DEVELOPMENT_TEAM = GH8767RCJ5;
				INFOPLIST_FILE = ResponsiveUI/Info.plist;
				LD_RUNPATH_SEARCH_PATHS = (
					"$(inherited)",
					"@executable_path/Frameworks",
				);
				PRODUCT_BUNDLE_IDENTIFIER = id.co.aitc.samsul.ResponsiveUI;
				PRODUCT_NAME = "$(TARGET_NAME)";
				SWIFT_VERSION = 5.0;
				TARGETED_DEVICE_FAMILY = "1,2";
			};
			name = Release;
		};
/* End XCBuildConfiguration section */

/* Begin XCConfigurationList section */
		BFAA32F52488ECD200D968B9 /* Build configuration list for PBXProject "ResponsiveUI" */ = {
			isa = XCConfigurationList;
			buildConfigurations = (
				BFAA330C2488ECD700D968B9 /* Debug */,
				BFAA330D2488ECD700D968B9 /* Release */,
			);
			defaultConfigurationIsVisible = 0;
			defaultConfigurationName = Release;
		};
		BFAA330E2488ECD700D968B9 /* Build configuration list for PBXNativeTarget "ResponsiveUI" */ = {
			isa = XCConfigurationList;
			buildConfigurations = (
				BFAA330F2488ECD700D968B9 /* Debug */,
				BFAA33102488ECD700D968B9 /* Release */,
			);
			defaultConfigurationIsVisible = 0;
			defaultConfigurationName = Release;
		};
/* End XCConfigurationList section */
	};
	rootObject = BFAA32F22488ECD200D968B9 /* Project object */;
}
